packages:
  - name: dbt_utils
    package: dbt-labs/dbt_utils
    version: 1.1.1
  - name: dbt_date
    package: godatadriven/dbt_date
    version: 0.10.0
  - name: audit_helper
    package: dbt-labs/audit_helper
    version: 0.12.1
  - name: dbt_meta_testing
    package: tnightengale/dbt_meta_testing
    version: 0.3.6
sha1_hash: 0e971dd9a20fba489f3c264f4d678075e8857b94
